
Microsoft Visual Studio Solution File, Format Version 12.00
# Visual Studio 15
VisualStudioVersion = 15.0.35213.121
MinimumVisualStudioVersion = 10.0.40219.1
Project("{FAE04EC0-301F-11D3-BF4B-00C04F79EFBC}") = "WindowsFormsApp2", "WindowsFormsApp2\WindowsFormsApp2.csproj", "{8960F7C6-A7A5-4E2E-A8E6-45D69FC6B86E}"
EndProject
Global
	GlobalSection(SolutionConfigurationPlatforms) = preSolution
		Debug|Any CPU = Debug|Any CPU
		Release|Any CPU = Release|Any CPU
	EndGlobalSection
	GlobalSection(ProjectConfigurationPlatforms) = postSolution
		{8960F7C6-A7A5-4E2E-A8E6-45D69FC6B86E}.Debug|Any CPU.ActiveCfg = Debug|Any CPU
		{8960F7C6-A7A5-4E2E-A8E6-45D69FC6B86E}.Debug|Any CPU.Build.0 = Debug|Any CPU
		{8960F7C6-A7A5-4E2E-A8E6-45D69FC6B86E}.Release|Any CPU.ActiveCfg = Release|Any CPU
		{8960F7C6-A7A5-4E2E-A8E6-45D69FC6B86E}.Release|Any CPU.Build.0 = Release|Any CPU
	EndGlobalSection
	GlobalSection(SolutionProperties) = preSolution
		HideSolutionNode = FALSE
	EndGlobalSection
	GlobalSection(ExtensibilityGlobals) = postSolution
		SolutionGuid = {10BF2A6F-A141-47DC-9D82-84167846DF74}
	EndGlobalSection
EndGlobal
